
Microsoft Visual Studio Solution File, Format Version 12.00
# Visual Studio Version 16
VisualStudioVersion = 16.0.31129.286
MinimumVisualStudioVersion = 15.0.26124.0
Project("{9A19103F-16F7-4668-BE54-9A1E7A4F7556}") = "OltivaFlix.Domain", "OltivaFlix.Domain\OltivaFlix.Domain.csproj", "{4D7C88D2-C219-4D4D-9A53-76136FA6B823}"
EndProject
Project("{9A19103F-16F7-4668-BE54-9A1E7A4F7556}") = "OltivaFlix.Webapi", "OltivaFlix.Webapi\OltivaFlix.Webapi.csproj", "{2BBB6538-22B5-4615-A596-E7AB78E0F661}"
EndProject
Project("{9A19103F-16F7-4668-BE54-9A1E7A4F7556}") = "OltivaFlix.Infra.ServiceClient", "OltivaFlix.Infra.ServiceClient\OltivaFlix.Infra.ServiceClient.csproj", "{64E4F0E3-0FBA-4FC0-A745-8F45A5F3FB54}"
EndProject
Project("{FAE04EC0-301F-11D3-BF4B-00C04F79EFBC}") = "OltivaFlix.Infra.MessageBroker", "OltivaFlix.Infra.MessageBroker\OltivaFlix.Infra.MessageBroker.csproj", "{7A557072-0A64-43A7-95AB-92EC71E8A633}"
EndProject
Global
	GlobalSection(SolutionConfigurationPlatforms) = preSolution
		Debug|Any CPU = Debug|Any CPU
		Debug|x64 = Debug|x64
		Debug|x86 = Debug|x86
		Release|Any CPU = Release|Any CPU
		Release|x64 = Release|x64
		Release|x86 = Release|x86
	EndGlobalSection
	GlobalSection(ProjectConfigurationPlatforms) = postSolution
		{4D7C88D2-C219-4D4D-9A53-76136FA6B823}.Debug|Any CPU.ActiveCfg = Debug|Any CPU
		{4D7C88D2-C219-4D4D-9A53-76136FA6B823}.Debug|Any CPU.Build.0 = Debug|Any CPU
		{4D7C88D2-C219-4D4D-9A53-76136FA6B823}.Debug|x64.ActiveCfg = Debug|Any CPU
		{4D7C88D2-C219-4D4D-9A53-76136FA6B823}.Debug|x64.Build.0 = Debug|Any CPU
		{4D7C88D2-C219-4D4D-9A53-76136FA6B823}.Debug|x86.ActiveCfg = Debug|Any CPU
		{4D7C88D2-C219-4D4D-9A53-76136FA6B823}.Debug|x86.Build.0 = Debug|Any CPU
		{4D7C88D2-C219-4D4D-9A53-76136FA6B823}.Release|Any CPU.ActiveCfg = Release|Any CPU
		{4D7C88D2-C219-4D4D-9A53-76136FA6B823}.Release|Any CPU.Build.0 = Release|Any CPU
		{4D7C88D2-C219-4D4D-9A53-76136FA6B823}.Release|x64.ActiveCfg = Release|Any CPU
		{4D7C88D2-C219-4D4D-9A53-76136FA6B823}.Release|x64.Build.0 = Release|Any CPU
		{4D7C88D2-C219-4D4D-9A53-76136FA6B823}.Release|x86.ActiveCfg = Release|Any CPU
		{4D7C88D2-C219-4D4D-9A53-76136FA6B823}.Release|x86.Build.0 = Release|Any CPU
		{2BBB6538-22B5-4615-A596-E7AB78E0F661}.Debug|Any CPU.ActiveCfg = Debug|Any CPU
		{2BBB6538-22B5-4615-A596-E7AB78E0F661}.Debug|Any CPU.Build.0 = Debug|Any CPU
		{2BBB6538-22B5-4615-A596-E7AB78E0F661}.Debug|x64.ActiveCfg = Debug|Any CPU
		{2BBB6538-22B5-4615-A596-E7AB78E0F661}.Debug|x64.Build.0 = Debug|Any CPU
		{2BBB6538-22B5-4615-A596-E7AB78E0F661}.Debug|x86.ActiveCfg = Debug|Any CPU
		{2BBB6538-22B5-4615-A596-E7AB78E0F661}.Debug|x86.Build.0 = Debug|Any CPU
		{2BBB6538-22B5-4615-A596-E7AB78E0F661}.Release|Any CPU.ActiveCfg = Release|Any CPU
		{2BBB6538-22B5-4615-A596-E7AB78E0F661}.Release|Any CPU.Build.0 = Release|Any CPU
		{2BBB6538-22B5-4615-A596-E7AB78E0F661}.Release|x64.ActiveCfg = Release|Any CPU
		{2BBB6538-22B5-4615-A596-E7AB78E0F661}.Release|x64.Build.0 = Release|Any CPU
		{2BBB6538-22B5-4615-A596-E7AB78E0F661}.Release|x86.ActiveCfg = Release|Any CPU
		{2BBB6538-22B5-4615-A596-E7AB78E0F661}.Release|x86.Build.0 = Release|Any CPU
		{64E4F0E3-0FBA-4FC0-A745-8F45A5F3FB54}.Debug|Any CPU.ActiveCfg = Debug|Any CPU
		{64E4F0E3-0FBA-4FC0-A745-8F45A5F3FB54}.Debug|Any CPU.Build.0 = Debug|Any CPU
		{64E4F0E3-0FBA-4FC0-A745-8F45A5F3FB54}.Debug|x64.ActiveCfg = Debug|Any CPU
		{64E4F0E3-0FBA-4FC0-A745-8F45A5F3FB54}.Debug|x64.Build.0 = Debug|Any CPU
		{64E4F0E3-0FBA-4FC0-A745-8F45A5F3FB54}.Debug|x86.ActiveCfg = Debug|Any CPU
		{64E4F0E3-0FBA-4FC0-A745-8F45A5F3FB54}.Debug|x86.Build.0 = Debug|Any CPU
		{64E4F0E3-0FBA-4FC0-A745-8F45A5F3FB54}.Release|Any CPU.ActiveCfg = Release|Any CPU
		{64E4F0E3-0FBA-4FC0-A745-8F45A5F3FB54}.Release|Any CPU.Build.0 = Release|Any CPU
		{64E4F0E3-0FBA-4FC0-A745-8F45A5F3FB54}.Release|x64.ActiveCfg = Release|Any CPU
		{64E4F0E3-0FBA-4FC0-A745-8F45A5F3FB54}.Release|x64.Build.0 = Release|Any CPU
		{64E4F0E3-0FBA-4FC0-A745-8F45A5F3FB54}.Release|x86.ActiveCfg = Release|Any CPU
		{64E4F0E3-0FBA-4FC0-A745-8F45A5F3FB54}.Release|x86.Build.0 = Release|Any CPU
		{7A557072-0A64-43A7-95AB-92EC71E8A633}.Debug|Any CPU.ActiveCfg = Debug|Any CPU
		{7A557072-0A64-43A7-95AB-92EC71E8A633}.Debug|Any CPU.Build.0 = Debug|Any CPU
		{7A557072-0A64-43A7-95AB-92EC71E8A633}.Debug|x64.ActiveCfg = Debug|Any CPU
		{7A557072-0A64-43A7-95AB-92EC71E8A633}.Debug|x64.Build.0 = Debug|Any CPU
		{7A557072-0A64-43A7-95AB-92EC71E8A633}.Debug|x86.ActiveCfg = Debug|Any CPU
		{7A557072-0A64-43A7-95AB-92EC71E8A633}.Debug|x86.Build.0 = Debug|Any CPU
		{7A557072-0A64-43A7-95AB-92EC71E8A633}.Release|Any CPU.ActiveCfg = Release|Any CPU
		{7A557072-0A64-43A7-95AB-92EC71E8A633}.Release|Any CPU.Build.0 = Release|Any CPU
		{7A557072-0A64-43A7-95AB-92EC71E8A633}.Release|x64.ActiveCfg = Release|Any CPU
		{7A557072-0A64-43A7-95AB-92EC71E8A633}.Release|x64.Build.0 = Release|Any CPU
		{7A557072-0A64-43A7-95AB-92EC71E8A633}.Release|x86.ActiveCfg = Release|Any CPU
		{7A557072-0A64-43A7-95AB-92EC71E8A633}.Release|x86.Build.0 = Release|Any CPU
	EndGlobalSection
	GlobalSection(SolutionProperties) = preSolution
		HideSolutionNode = FALSE
	EndGlobalSection
	GlobalSection(ExtensibilityGlobals) = postSolution
		SolutionGuid = {5DD9FE6F-F536-4BAA-AF28-C5F13C312EAE}
	EndGlobalSection
EndGlobal
